
Microsoft Visual Studio Solution File, Format Version 12.00
# Visual Studio Version 17
VisualStudioVersion = 17.11.35222.181
MinimumVisualStudioVersion = 10.0.40219.1
Project("{FAE04EC0-301F-11D3-BF4B-00C04F79EFBC}") = "ConsoleApp", "ConsoleApp\ConsoleApp.csproj", "{9A8B7AB7-0DF5-4469-BF2A-B971E4C4C047}"
EndProject
Project("{2150E333-8FDC-42A3-9474-1A3956D46DE8}") = "Linqu", "Linqu", "{00AA799E-A594-48F5-B5F9-C89D4D845CF4}"
EndProject
Project("{FAE04EC0-301F-11D3-BF4B-00C04F79EFBC}") = "Linqu", "Linqu\Linqu.csproj", "{4B38A1FD-575B-4071-BFDD-5470402F835A}"
EndProject
Project("{2150E333-8FDC-42A3-9474-1A3956D46DE8}") = "TaskFrist", "TaskFrist", "{3D47856B-237B-4D94-AA47-3AEB2CE014E6}"
EndProject
Project("{FAE04EC0-301F-11D3-BF4B-00C04F79EFBC}") = "TaskFrist", "TaskFrist\TaskFrist.csproj", "{BB3F2C70-7802-42CB-B8A7-9DA9FD8D2336}"
EndProject
Project("{2150E333-8FDC-42A3-9474-1A3956D46DE8}") = "Task 2", "Task 2", "{F097C0EE-0C98-42C0-91A8-E67EF55CDDCA}"
EndProject
Project("{FAE04EC0-301F-11D3-BF4B-00C04F79EFBC}") = "Task2", "Task2\Task2.csproj", "{74A510F3-57A1-4C01-8E11-9847F724A5AE}"
EndProject
Project("{2150E333-8FDC-42A3-9474-1A3956D46DE8}") = "Task 3", "Task 3", "{1C6A6DED-264C-445A-BF59-ACB7E37FBD2D}"
EndProject
Project("{FAE04EC0-301F-11D3-BF4B-00C04F79EFBC}") = "Task_3", "Task_3\Task_3.csproj", "{2C355CFA-E71F-49C6-BC45-F54F44914062}"
EndProject
Global
	GlobalSection(SolutionConfigurationPlatforms) = preSolution
		Debug|Any CPU = Debug|Any CPU
		Release|Any CPU = Release|Any CPU
	EndGlobalSection
	GlobalSection(ProjectConfigurationPlatforms) = postSolution
		{9A8B7AB7-0DF5-4469-BF2A-B971E4C4C047}.Debug|Any CPU.ActiveCfg = Debug|Any CPU
		{9A8B7AB7-0DF5-4469-BF2A-B971E4C4C047}.Debug|Any CPU.Build.0 = Debug|Any CPU
		{9A8B7AB7-0DF5-4469-BF2A-B971E4C4C047}.Release|Any CPU.ActiveCfg = Release|Any CPU
		{9A8B7AB7-0DF5-4469-BF2A-B971E4C4C047}.Release|Any CPU.Build.0 = Release|Any CPU
		{4B38A1FD-575B-4071-BFDD-5470402F835A}.Debug|Any CPU.ActiveCfg = Debug|Any CPU
		{4B38A1FD-575B-4071-BFDD-5470402F835A}.Debug|Any CPU.Build.0 = Debug|Any CPU
		{4B38A1FD-575B-4071-BFDD-5470402F835A}.Release|Any CPU.ActiveCfg = Release|Any CPU
		{4B38A1FD-575B-4071-BFDD-5470402F835A}.Release|Any CPU.Build.0 = Release|Any CPU
		{BB3F2C70-7802-42CB-B8A7-9DA9FD8D2336}.Debug|Any CPU.ActiveCfg = Debug|Any CPU
		{BB3F2C70-7802-42CB-B8A7-9DA9FD8D2336}.Debug|Any CPU.Build.0 = Debug|Any CPU
		{BB3F2C70-7802-42CB-B8A7-9DA9FD8D2336}.Release|Any CPU.ActiveCfg = Release|Any CPU
		{BB3F2C70-7802-42CB-B8A7-9DA9FD8D2336}.Release|Any CPU.Build.0 = Release|Any CPU
		{74A510F3-57A1-4C01-8E11-9847F724A5AE}.Debug|Any CPU.ActiveCfg = Debug|Any CPU
		{74A510F3-57A1-4C01-8E11-9847F724A5AE}.Debug|Any CPU.Build.0 = Debug|Any CPU
		{74A510F3-57A1-4C01-8E11-9847F724A5AE}.Release|Any CPU.ActiveCfg = Release|Any CPU
		{74A510F3-57A1-4C01-8E11-9847F724A5AE}.Release|Any CPU.Build.0 = Release|Any CPU
		{2C355CFA-E71F-49C6-BC45-F54F44914062}.Debug|Any CPU.ActiveCfg = Debug|Any CPU
		{2C355CFA-E71F-49C6-BC45-F54F44914062}.Debug|Any CPU.Build.0 = Debug|Any CPU
		{2C355CFA-E71F-49C6-BC45-F54F44914062}.Release|Any CPU.ActiveCfg = Release|Any CPU
		{2C355CFA-E71F-49C6-BC45-F54F44914062}.Release|Any CPU.Build.0 = Release|Any CPU
	EndGlobalSection
	GlobalSection(SolutionProperties) = preSolution
		HideSolutionNode = FALSE
	EndGlobalSection
	GlobalSection(NestedProjects) = preSolution
		{4B38A1FD-575B-4071-BFDD-5470402F835A} = {00AA799E-A594-48F5-B5F9-C89D4D845CF4}
		{BB3F2C70-7802-42CB-B8A7-9DA9FD8D2336} = {3D47856B-237B-4D94-AA47-3AEB2CE014E6}
		{74A510F3-57A1-4C01-8E11-9847F724A5AE} = {F097C0EE-0C98-42C0-91A8-E67EF55CDDCA}
		{2C355CFA-E71F-49C6-BC45-F54F44914062} = {1C6A6DED-264C-445A-BF59-ACB7E37FBD2D}
	EndGlobalSection
	GlobalSection(ExtensibilityGlobals) = postSolution
		SolutionGuid = {7355221C-EEF0-4ECE-B474-79E0685327C1}
	EndGlobalSection
EndGlobal
